{
  "name": "word-replacer",
  "version": "1.0.7",
  "lockfileVersion": 1,
  "requires": true,
  "dependencies": {
    "word-replacer": {
      "version": "1.0.1",
      "resolved": "https://registry.npmjs.org/word-replacer/-/word-replacer-1.0.1.tgz",
      "integrity": "sha512-19b2mdO+XeNcs9WrFYrUiUQnSshG914irZO8FrUtwx3QVKSvTfIPynMUmfeTZxJr4V/xW5VFGbw2/qz/g90yMw=="
    }
  }
}
