{
  "name": "word-replacer",
  "version": "1.0.2",
  "lockfileVersion": 2,
  "requires": true,
  "packages": {
    "": {
      "name": "word-replacer",
      "version": "1.0.2",
      "license": "MIT",
      "dependencies": {
        "word-replacer": "^1.0.1"
      }
    },
    "node_modules/word-replacer": {
      "version": "1.0.1",
      "resolved": "https://registry.npmjs.org/word-replacer/-/word-replacer-1.0.1.tgz",
      "integrity": "sha512-19b2mdO+XeNcs9WrFYrUiUQnSshG914irZO8FrUtwx3QVKSvTfIPynMUmfeTZxJr4V/xW5VFGbw2/qz/g90yMw=="
    }
  },
  "dependencies": {
    "word-replacer": {
      "version": "1.0.1",
      "resolved": "https://registry.npmjs.org/word-replacer/-/word-replacer-1.0.1.tgz",
      "integrity": "sha512-19b2mdO+XeNcs9WrFYrUiUQnSshG914irZO8FrUtwx3QVKSvTfIPynMUmfeTZxJr4V/xW5VFGbw2/qz/g90yMw=="
    }
  }
}
